
Microsoft Visual Studio Solution File, Format Version 12.00
# Visual Studio Version 16
VisualStudioVersion = 16.0.30611.23
MinimumVisualStudioVersion = 10.0.40219.1
Project("{FAE04EC0-301F-11D3-BF4B-00C04F79EFBC}") = "TheCashier", "TheCashier\TheCashier.csproj", "{9B14D15F-1DED-418D-8302-DB60E138ED9C}"
EndProject
Global
	GlobalSection(SolutionConfigurationPlatforms) = preSolution
		Debug|Any CPU = Debug|Any CPU
		Release|Any CPU = Release|Any CPU
	EndGlobalSection
	GlobalSection(ProjectConfigurationPlatforms) = postSolution
		{9B14D15F-1DED-418D-8302-DB60E138ED9C}.Debug|Any CPU.ActiveCfg = Debug|Any CPU
		{9B14D15F-1DED-418D-8302-DB60E138ED9C}.Debug|Any CPU.Build.0 = Debug|Any CPU
		{9B14D15F-1DED-418D-8302-DB60E138ED9C}.Release|Any CPU.ActiveCfg = Release|Any CPU
		{9B14D15F-1DED-418D-8302-DB60E138ED9C}.Release|Any CPU.Build.0 = Release|Any CPU
	EndGlobalSection
	GlobalSection(SolutionProperties) = preSolution
		HideSolutionNode = FALSE
	EndGlobalSection
	GlobalSection(ExtensibilityGlobals) = postSolution
		SolutionGuid = {7E6A77C2-E3F1-4D52-9D42-09E74C8364D8}
	EndGlobalSection
EndGlobal
